// !$*UTF8*$!
{
	archiveVersion = 1;
	classes = {
	};
	objectVersion = 46;
	objects = {

/* Begin PBXBuildFile section */
		2C42F9702653D970008EAD61 /* OurdoorToIndoorViewController.m in Sources */ = {isa = PBXBuildFile; fileRef = 2C42F96E2653D970008EAD61 /* OurdoorToIndoorViewController.m */; };
		2C42F9712653D970008EAD61 /* OurdoorToIndoorViewController.xib in Resources */ = {isa = PBXBuildFile; fileRef = 2C42F96F2653D970008EAD61 /* OurdoorToIndoorViewController.xib */; };
		2C68227A264F68A900134E8A /* ARMapViewController.m in Sources */ = {isa = PBXBuildFile; fileRef = 2C682278264F68A900134E8A /* ARMapViewController.m */; };
		2C68227B264F68A900134E8A /* ARMapViewController.xib in Resources */ = {isa = PBXBuildFile; fileRef = 2C682279264F68A900134E8A /* ARMapViewController.xib */; };
		2C9198BD264FC6DD00311FA7 /* TestCMViewController.m in Sources */ = {isa = PBXBuildFile; fileRef = 2C9198BB264FC6DD00311FA7 /* TestCMViewController.m */; };
		2C9198BE264FC6DD00311FA7 /* TestCMViewController.xib in Resources */ = {isa = PBXBuildFile; fileRef = 2C9198BC264FC6DD00311FA7 /* TestCMViewController.xib */; };
		2C9E69F91F74B39A00E2A555 /* main.m in Sources */ = {isa = PBXBuildFile; fileRef = 2C9E69F81F74B39A00E2A555 /* main.m */; };
		2C9E69FC1F74B39A00E2A555 /* AppDelegate.m in Sources */ = {isa = PBXBuildFile; fileRef = 2C9E69FB1F74B39A00E2A555 /* AppDelegate.m */; };
		2C9E69FF1F74B39A00E2A555 /* ViewController.m in Sources */ = {isa = PBXBuildFile; fileRef = 2C9E69FE1F74B39A00E2A555 /* ViewController.m */; };
		2C9E6A021F74B39A00E2A555 /* Main.storyboard in Resources */ = {isa = PBXBuildFile; fileRef = 2C9E6A001F74B39A00E2A555 /* Main.storyboard */; };
		2C9E6A041F74B39A00E2A555 /* Assets.xcassets in Resources */ = {isa = PBXBuildFile; fileRef = 2C9E6A031F74B39A00E2A555 /* Assets.xcassets */; };
		2C9E6A071F74B39A00E2A555 /* LaunchScreen.storyboard in Resources */ = {isa = PBXBuildFile; fileRef = 2C9E6A051F74B39A00E2A555 /* LaunchScreen.storyboard */; };
		2C9E6A101F74B3AE00E2A555 /* IDRBaseLocationServer.m in Sources */ = {isa = PBXBuildFile; fileRef = 2C9E6A0F1F74B3AE00E2A555 /* IDRBaseLocationServer.m */; };
		2C9E6A141F74B5B600E2A555 /* MapViewController.m in Sources */ = {isa = PBXBuildFile; fileRef = 2C9E6A121F74B5B600E2A555 /* MapViewController.m */; };
		2C9E6A151F74B5B600E2A555 /* MapViewController.xib in Resources */ = {isa = PBXBuildFile; fileRef = 2C9E6A131F74B5B600E2A555 /* MapViewController.xib */; };
		2CAED5BE2653B13200E4C241 /* RequestSensorPermission_JS.m in Sources */ = {isa = PBXBuildFile; fileRef = 2CAED5BC2653B13200E4C241 /* RequestSensorPermission_JS.m */; };
		2CF4300E2650DB8800BB9B6F /* NSLayoutConstraint+MASDebugAdditions.m in Sources */ = {isa = PBXBuildFile; fileRef = 2CF42FF62650DB8800BB9B6F /* NSLayoutConstraint+MASDebugAdditions.m */; };
		2CF4300F2650DB8800BB9B6F /* ViewController+MASAdditions.m in Sources */ = {isa = PBXBuildFile; fileRef = 2CF42FFF2650DB8800BB9B6F /* ViewController+MASAdditions.m */; };
		2CF430102650DB8800BB9B6F /* MASCompositeConstraint.m in Sources */ = {isa = PBXBuildFile; fileRef = 2CF430032650DB8800BB9B6F /* MASCompositeConstraint.m */; };
		2CF430112650DB8800BB9B6F /* MASConstraintMaker.m in Sources */ = {isa = PBXBuildFile; fileRef = 2CF430042650DB8800BB9B6F /* MASConstraintMaker.m */; };
		2CF430122650DB8800BB9B6F /* MASLayoutConstraint.m in Sources */ = {isa = PBXBuildFile; fileRef = 2CF430052650DB8800BB9B6F /* MASLayoutConstraint.m */; };
		2CF430132650DB8800BB9B6F /* NSArray+MASAdditions.m in Sources */ = {isa = PBXBuildFile; fileRef = 2CF430062650DB8800BB9B6F /* NSArray+MASAdditions.m */; };
		2CF430142650DB8800BB9B6F /* View+MASAdditions.m in Sources */ = {isa = PBXBuildFile; fileRef = 2CF430072650DB8800BB9B6F /* View+MASAdditions.m */; };
		2CF430152650DB8800BB9B6F /* MASConstraint.m in Sources */ = {isa = PBXBuildFile; fileRef = 2CF4300A2650DB8800BB9B6F /* MASConstraint.m */; };
		2CF430162650DB8800BB9B6F /* MASViewConstraint.m in Sources */ = {isa = PBXBuildFile; fileRef = 2CF4300C2650DB8800BB9B6F /* MASViewConstraint.m */; };
		2CF430172650DB8800BB9B6F /* MASViewAttribute.m in Sources */ = {isa = PBXBuildFile; fileRef = 2CF4300D2650DB8800BB9B6F /* MASViewAttribute.m */; };
		2CF4301A2650E1B300BB9B6F /* YYWeakProxy.m in Sources */ = {isa = PBXBuildFile; fileRef = 2CF430192650E1B300BB9B6F /* YYWeakProxy.m */; };
		DEDD62BAEC0AED0F7CDA1C88 /* libPods-qfapp-demo.a in Frameworks */ = {isa = PBXBuildFile; fileRef = F3D72BCA4385E234963C81E9 /* libPods-qfapp-demo.a */; };
/* End PBXBuildFile section */

/* Begin PBXFileReference section */
		2C42F96D2653D970008EAD61 /* OurdoorToIndoorViewController.h */ = {isa = PBXFileReference; lastKnownFileType = sourcecode.c.h; path = OurdoorToIndoorViewController.h; sourceTree = "<group>"; };
		2C42F96E2653D970008EAD61 /* OurdoorToIndoorViewController.m */ = {isa = PBXFileReference; lastKnownFileType = sourcecode.c.objc; path = OurdoorToIndoorViewController.m; sourceTree = "<group>"; };
		2C42F96F2653D970008EAD61 /* OurdoorToIndoorViewController.xib */ = {isa = PBXFileReference; lastKnownFileType = file.xib; path = OurdoorToIndoorViewController.xib; sourceTree = "<group>"; };
		2C682277264F68A900134E8A /* ARMapViewController.h */ = {isa = PBXFileReference; lastKnownFileType = sourcecode.c.h; path = ARMapViewController.h; sourceTree = "<group>"; };
		2C682278264F68A900134E8A /* ARMapViewController.m */ = {isa = PBXFileReference; lastKnownFileType = sourcecode.c.objc; path = ARMapViewController.m; sourceTree = "<group>"; };
		2C682279264F68A900134E8A /* ARMapViewController.xib */ = {isa = PBXFileReference; lastKnownFileType = file.xib; path = ARMapViewController.xib; sourceTree = "<group>"; };
		2C9198BA264FC6DD00311FA7 /* TestCMViewController.h */ = {isa = PBXFileReference; lastKnownFileType = sourcecode.c.h; path = TestCMViewController.h; sourceTree = "<group>"; };
		2C9198BB264FC6DD00311FA7 /* TestCMViewController.m */ = {isa = PBXFileReference; lastKnownFileType = sourcecode.c.objc; path = TestCMViewController.m; sourceTree = "<group>"; };
		2C9198BC264FC6DD00311FA7 /* TestCMViewController.xib */ = {isa = PBXFileReference; lastKnownFileType = file.xib; path = TestCMViewController.xib; sourceTree = "<group>"; };
		2C9E69F41F74B39A00E2A555 /* qfapp-demo.app */ = {isa = PBXFileReference; explicitFileType = wrapper.application; includeInIndex = 0; path = "qfapp-demo.app"; sourceTree = BUILT_PRODUCTS_DIR; };
		2C9E69F81F74B39A00E2A555 /* main.m */ = {isa = PBXFileReference; lastKnownFileType = sourcecode.c.objc; path = main.m; sourceTree = "<group>"; };
		2C9E69FA1F74B39A00E2A555 /* AppDelegate.h */ = {isa = PBXFileReference; lastKnownFileType = sourcecode.c.h; path = AppDelegate.h; sourceTree = "<group>"; };
		2C9E69FB1F74B39A00E2A555 /* AppDelegate.m */ = {isa = PBXFileReference; lastKnownFileType = sourcecode.c.objc; path = AppDelegate.m; sourceTree = "<group>"; };
		2C9E69FD1F74B39A00E2A555 /* ViewController.h */ = {isa = PBXFileReference; lastKnownFileType = sourcecode.c.h; path = ViewController.h; sourceTree = "<group>"; };
		2C9E69FE1F74B39A00E2A555 /* ViewController.m */ = {isa = PBXFileReference; lastKnownFileType = sourcecode.c.objc; path = ViewController.m; sourceTree = "<group>"; };
		2C9E6A011F74B39A00E2A555 /* Base */ = {isa = PBXFileReference; lastKnownFileType = file.storyboard; name = Base; path = Base.lproj/Main.storyboard; sourceTree = "<group>"; };
		2C9E6A031F74B39A00E2A555 /* Assets.xcassets */ = {isa = PBXFileReference; lastKnownFileType = folder.assetcatalog; path = Assets.xcassets; sourceTree = "<group>"; };
		2C9E6A061F74B39A00E2A555 /* Base */ = {isa = PBXFileReference; lastKnownFileType = file.storyboard; name = Base; path = Base.lproj/LaunchScreen.storyboard; sourceTree = "<group>"; };
		2C9E6A081F74B39A00E2A555 /* Info.plist */ = {isa = PBXFileReference; lastKnownFileType = text.plist.xml; path = Info.plist; sourceTree = "<group>"; };
		2C9E6A0E1F74B3AE00E2A555 /* IDRBaseLocationServer.h */ = {isa = PBXFileReference; fileEncoding = 4; lastKnownFileType = sourcecode.c.h; path = IDRBaseLocationServer.h; sourceTree = "<group>"; };
		2C9E6A0F1F74B3AE00E2A555 /* IDRBaseLocationServer.m */ = {isa = PBXFileReference; fileEncoding = 4; lastKnownFileType = sourcecode.c.objc; path = IDRBaseLocationServer.m; sourceTree = "<group>"; };
		2C9E6A111F74B5B600E2A555 /* MapViewController.h */ = {isa = PBXFileReference; fileEncoding = 4; lastKnownFileType = sourcecode.c.h; path = MapViewController.h; sourceTree = "<group>"; };
		2C9E6A121F74B5B600E2A555 /* MapViewController.m */ = {isa = PBXFileReference; fileEncoding = 4; lastKnownFileType = sourcecode.c.objc; path = MapViewController.m; sourceTree = "<group>"; };
		2C9E6A131F74B5B600E2A555 /* MapViewController.xib */ = {isa = PBXFileReference; fileEncoding = 4; lastKnownFileType = file.xib; path = MapViewController.xib; sourceTree = "<group>"; };
		2CAED5BC2653B13200E4C241 /* RequestSensorPermission_JS.m */ = {isa = PBXFileReference; fileEncoding = 4; lastKnownFileType = sourcecode.c.objc; path = RequestSensorPermission_JS.m; sourceTree = "<group>"; };
		2CAED5BD2653B13200E4C241 /* RequestSensorPermission_JS.h */ = {isa = PBXFileReference; fileEncoding = 4; lastKnownFileType = sourcecode.c.h; path = RequestSensorPermission_JS.h; sourceTree = "<group>"; };
		2CF42FF52650DB8800BB9B6F /* MASCompositeConstraint.h */ = {isa = PBXFileReference; fileEncoding = 4; lastKnownFileType = sourcecode.c.h; path = MASCompositeConstraint.h; sourceTree = "<group>"; };
		2CF42FF62650DB8800BB9B6F /* NSLayoutConstraint+MASDebugAdditions.m */ = {isa = PBXFileReference; fileEncoding = 4; lastKnownFileType = sourcecode.c.objc; path = "NSLayoutConstraint+MASDebugAdditions.m"; sourceTree = "<group>"; };
		2CF42FF72650DB8800BB9B6F /* MASConstraint+Private.h */ = {isa = PBXFileReference; fileEncoding = 4; lastKnownFileType = sourcecode.c.h; path = "MASConstraint+Private.h"; sourceTree = "<group>"; };
		2CF42FF82650DB8800BB9B6F /* MASLayoutConstraint.h */ = {isa = PBXFileReference; fileEncoding = 4; lastKnownFileType = sourcecode.c.h; path = MASLayoutConstraint.h; sourceTree = "<group>"; };
		2CF42FF92650DB8800BB9B6F /* NSArray+MASShorthandAdditions.h */ = {isa = PBXFileReference; fileEncoding = 4; lastKnownFileType = sourcecode.c.h; path = "NSArray+MASShorthandAdditions.h"; sourceTree = "<group>"; };
		2CF42FFA2650DB8800BB9B6F /* MASConstraintMaker.h */ = {isa = PBXFileReference; fileEncoding = 4; lastKnownFileType = sourcecode.c.h; path = MASConstraintMaker.h; sourceTree = "<group>"; };
		2CF42FFB2650DB8800BB9B6F /* View+MASAdditions.h */ = {isa = PBXFileReference; fileEncoding = 4; lastKnownFileType = sourcecode.c.h; path = "View+MASAdditions.h"; sourceTree = "<group>"; };
		2CF42FFC2650DB8800BB9B6F /* NSArray+MASAdditions.h */ = {isa = PBXFileReference; fileEncoding = 4; lastKnownFileType = sourcecode.c.h; path = "NSArray+MASAdditions.h"; sourceTree = "<group>"; };
		2CF42FFD2650DB8800BB9B6F /* MASUtilities.h */ = {isa = PBXFileReference; fileEncoding = 4; lastKnownFileType = sourcecode.c.h; path = MASUtilities.h; sourceTree = "<group>"; };
		2CF42FFE2650DB8800BB9B6F /* MASViewAttribute.h */ = {isa = PBXFileReference; fileEncoding = 4; lastKnownFileType = sourcecode.c.h; path = MASViewAttribute.h; sourceTree = "<group>"; };
		2CF42FFF2650DB8800BB9B6F /* ViewController+MASAdditions.m */ = {isa = PBXFileReference; fileEncoding = 4; lastKnownFileType = sourcecode.c.objc; path = "ViewController+MASAdditions.m"; sourceTree = "<group>"; };
		2CF430002650DB8800BB9B6F /* MASViewConstraint.h */ = {isa = PBXFileReference; fileEncoding = 4; lastKnownFileType = sourcecode.c.h; path = MASViewConstraint.h; sourceTree = "<group>"; };
		2CF430012650DB8800BB9B6F /* MASConstraint.h */ = {isa = PBXFileReference; fileEncoding = 4; lastKnownFileType = sourcecode.c.h; path = MASConstraint.h; sourceTree = "<group>"; };
		2CF430022650DB8800BB9B6F /* NSLayoutConstraint+MASDebugAdditions.h */ = {isa = PBXFileReference; fileEncoding = 4; lastKnownFileType = sourcecode.c.h; path = "NSLayoutConstraint+MASDebugAdditions.h"; sourceTree = "<group>"; };
		2CF430032650DB8800BB9B6F /* MASCompositeConstraint.m */ = {isa = PBXFileReference; fileEncoding = 4; lastKnownFileType = sourcecode.c.objc; path = MASCompositeConstraint.m; sourceTree = "<group>"; };
		2CF430042650DB8800BB9B6F /* MASConstraintMaker.m */ = {isa = PBXFileReference; fileEncoding = 4; lastKnownFileType = sourcecode.c.objc; path = MASConstraintMaker.m; sourceTree = "<group>"; };
		2CF430052650DB8800BB9B6F /* MASLayoutConstraint.m */ = {isa = PBXFileReference; fileEncoding = 4; lastKnownFileType = sourcecode.c.objc; path = MASLayoutConstraint.m; sourceTree = "<group>"; };
		2CF430062650DB8800BB9B6F /* NSArray+MASAdditions.m */ = {isa = PBXFileReference; fileEncoding = 4; lastKnownFileType = sourcecode.c.objc; path = "NSArray+MASAdditions.m"; sourceTree = "<group>"; };
		2CF430072650DB8800BB9B6F /* View+MASAdditions.m */ = {isa = PBXFileReference; fileEncoding = 4; lastKnownFileType = sourcecode.c.objc; path = "View+MASAdditions.m"; sourceTree = "<group>"; };
		2CF430082650DB8800BB9B6F /* View+MASShorthandAdditions.h */ = {isa = PBXFileReference; fileEncoding = 4; lastKnownFileType = sourcecode.c.h; path = "View+MASShorthandAdditions.h"; sourceTree = "<group>"; };
		2CF430092650DB8800BB9B6F /* Masonry.h */ = {isa = PBXFileReference; fileEncoding = 4; lastKnownFileType = sourcecode.c.h; path = Masonry.h; sourceTree = "<group>"; };
		2CF4300A2650DB8800BB9B6F /* MASConstraint.m */ = {isa = PBXFileReference; fileEncoding = 4; lastKnownFileType = sourcecode.c.objc; path = MASConstraint.m; sourceTree = "<group>"; };
		2CF4300B2650DB8800BB9B6F /* ViewController+MASAdditions.h */ = {isa = PBXFileReference; fileEncoding = 4; lastKnownFileType = sourcecode.c.h; path = "ViewController+MASAdditions.h"; sourceTree = "<group>"; };
		2CF4300C2650DB8800BB9B6F /* MASViewConstraint.m */ = {isa = PBXFileReference; fileEncoding = 4; lastKnownFileType = sourcecode.c.objc; path = MASViewConstraint.m; sourceTree = "<group>"; };
		2CF4300D2650DB8800BB9B6F /* MASViewAttribute.m */ = {isa = PBXFileReference; fileEncoding = 4; lastKnownFileType = sourcecode.c.objc; path = MASViewAttribute.m; sourceTree = "<group>"; };
		2CF430182650E1B300BB9B6F /* YYWeakProxy.h */ = {isa = PBXFileReference; fileEncoding = 4; lastKnownFileType = sourcecode.c.h; path = YYWeakProxy.h; sourceTree = "<group>"; };
		2CF430192650E1B300BB9B6F /* YYWeakProxy.m */ = {isa = PBXFileReference; fileEncoding = 4; lastKnownFileType = sourcecode.c.objc; path = YYWeakProxy.m; sourceTree = "<group>"; };
		905961B76267CBBB0E7E0BED /* Pods-qfapp-demo.debug.xcconfig */ = {isa = PBXFileReference; includeInIndex = 1; lastKnownFileType = text.xcconfig; name = "Pods-qfapp-demo.debug.xcconfig"; path = "Target Support Files/Pods-qfapp-demo/Pods-qfapp-demo.debug.xcconfig"; sourceTree = "<group>"; };
		F3D72BCA4385E234963C81E9 /* libPods-qfapp-demo.a */ = {isa = PBXFileReference; explicitFileType = archive.ar; includeInIndex = 0; path = "libPods-qfapp-demo.a"; sourceTree = BUILT_PRODUCTS_DIR; };
		F7D5BCA1DA57FC8EA27D3B61 /* Pods-qfapp-demo.release.xcconfig */ = {isa = PBXFileReference; includeInIndex = 1; lastKnownFileType = text.xcconfig; name = "Pods-qfapp-demo.release.xcconfig"; path = "Target Support Files/Pods-qfapp-demo/Pods-qfapp-demo.release.xcconfig"; sourceTree = "<group>"; };
/* End PBXFileReference section */

/* Begin PBXFrameworksBuildPhase section */
		2C9E69F11F74B39A00E2A555 /* Frameworks */ = {
			isa = PBXFrameworksBuildPhase;
			buildActionMask = 2147483647;
			files = (
				DEDD62BAEC0AED0F7CDA1C88 /* libPods-qfapp-demo.a in Frameworks */,
			);
			runOnlyForDeploymentPostprocessing = 0;
		};
/* End PBXFrameworksBuildPhase section */

/* Begin PBXGroup section */
		2C9E69EB1F74B39A00E2A555 = {
			isa = PBXGroup;
			children = (
				2C9E69F61F74B39A00E2A555 /* qfapp-demo */,
				2C9E69F51F74B39A00E2A555 /* Products */,
				99AFCD779C24C96A1AFB35C2 /* Pods */,
				B59EE741637E6F3324FE3E96 /* Frameworks */,
			);
			sourceTree = "<group>";
		};
		2C9E69F51F74B39A00E2A555 /* Products */ = {
			isa = PBXGroup;
			children = (
				2C9E69F41F74B39A00E2A555 /* qfapp-demo.app */,
			);
			name = Products;
			sourceTree = "<group>";
		};
		2C9E69F61F74B39A00E2A555 /* qfapp-demo */ = {
			isa = PBXGroup;
			children = (
				2CF42FF42650DB8800BB9B6F /* Masonry */,
				2C9E6A0E1F74B3AE00E2A555 /* IDRBaseLocationServer.h */,
				2C9E6A0F1F74B3AE00E2A555 /* IDRBaseLocationServer.m */,
				2CAED5BD2653B13200E4C241 /* RequestSensorPermission_JS.h */,
				2CAED5BC2653B13200E4C241 /* RequestSensorPermission_JS.m */,
				2C9E69FA1F74B39A00E2A555 /* AppDelegate.h */,
				2C9E69FB1F74B39A00E2A555 /* AppDelegate.m */,
				2C9E69FD1F74B39A00E2A555 /* ViewController.h */,
				2C9E69FE1F74B39A00E2A555 /* ViewController.m */,
				2C9E6A001F74B39A00E2A555 /* Main.storyboard */,
				2C9E6A031F74B39A00E2A555 /* Assets.xcassets */,
				2C9E6A051F74B39A00E2A555 /* LaunchScreen.storyboard */,
				2C9E6A081F74B39A00E2A555 /* Info.plist */,
				2C9E69F71F74B39A00E2A555 /* Supporting Files */,
				2C9E6A111F74B5B600E2A555 /* MapViewController.h */,
				2C9E6A121F74B5B600E2A555 /* MapViewController.m */,
				2C9E6A131F74B5B600E2A555 /* MapViewController.xib */,
				2C682277264F68A900134E8A /* ARMapViewController.h */,
				2C682278264F68A900134E8A /* ARMapViewController.m */,
				2C682279264F68A900134E8A /* ARMapViewController.xib */,
				2C9198BA264FC6DD00311FA7 /* TestCMViewController.h */,
				2C9198BB264FC6DD00311FA7 /* TestCMViewController.m */,
				2C9198BC264FC6DD00311FA7 /* TestCMViewController.xib */,
				2C42F96D2653D970008EAD61 /* OurdoorToIndoorViewController.h */,
				2C42F96E2653D970008EAD61 /* OurdoorToIndoorViewController.m */,
				2C42F96F2653D970008EAD61 /* OurdoorToIndoorViewController.xib */,
			);
			path = "qfapp-demo";
			sourceTree = "<group>";
		};
		2C9E69F71F74B39A00E2A555 /* Supporting Files */ = {
			isa = PBXGroup;
			children = (
				2C9E69F81F74B39A00E2A555 /* main.m */,
			);
			name = "Supporting Files";
			sourceTree = "<group>";
		};
		2CF42FF42650DB8800BB9B6F /* Masonry */ = {
			isa = PBXGroup;
			children = (
				2CF430182650E1B300BB9B6F /* YYWeakProxy.h */,
				2CF430192650E1B300BB9B6F /* YYWeakProxy.m */,
				2CF42FF52650DB8800BB9B6F /* MASCompositeConstraint.h */,
				2CF42FF62650DB8800BB9B6F /* NSLayoutConstraint+MASDebugAdditions.m */,
				2CF42FF72650DB8800BB9B6F /* MASConstraint+Private.h */,
				2CF42FF82650DB8800BB9B6F /* MASLayoutConstraint.h */,
				2CF42FF92650DB8800BB9B6F /* NSArray+MASShorthandAdditions.h */,
				2CF42FFA2650DB8800BB9B6F /* MASConstraintMaker.h */,
				2CF42FFB2650DB8800BB9B6F /* View+MASAdditions.h */,
				2CF42FFC2650DB8800BB9B6F /* NSArray+MASAdditions.h */,
				2CF42FFD2650DB8800BB9B6F /* MASUtilities.h */,
				2CF42FFE2650DB8800BB9B6F /* MASViewAttribute.h */,
				2CF42FFF2650DB8800BB9B6F /* ViewController+MASAdditions.m */,
				2CF430002650DB8800BB9B6F /* MASViewConstraint.h */,
				2CF430012650DB8800BB9B6F /* MASConstraint.h */,
				2CF430022650DB8800BB9B6F /* NSLayoutConstraint+MASDebugAdditions.h */,
				2CF430032650DB8800BB9B6F /* MASCompositeConstraint.m */,
				2CF430042650DB8800BB9B6F /* MASConstraintMaker.m */,
				2CF430052650DB8800BB9B6F /* MASLayoutConstraint.m */,
				2CF430062650DB8800BB9B6F /* NSArray+MASAdditions.m */,
				2CF430072650DB8800BB9B6F /* View+MASAdditions.m */,
				2CF430082650DB8800BB9B6F /* View+MASShorthandAdditions.h */,
				2CF430092650DB8800BB9B6F /* Masonry.h */,
				2CF4300A2650DB8800BB9B6F /* MASConstraint.m */,
				2CF4300B2650DB8800BB9B6F /* ViewController+MASAdditions.h */,
				2CF4300C2650DB8800BB9B6F /* MASViewConstraint.m */,
				2CF4300D2650DB8800BB9B6F /* MASViewAttribute.m */,
			);
			path = Masonry;
			sourceTree = "<group>";
		};
		99AFCD779C24C96A1AFB35C2 /* Pods */ = {
			isa = PBXGroup;
			children = (
				905961B76267CBBB0E7E0BED /* Pods-qfapp-demo.debug.xcconfig */,
				F7D5BCA1DA57FC8EA27D3B61 /* Pods-qfapp-demo.release.xcconfig */,
			);
			path = Pods;
			sourceTree = "<group>";
		};
		B59EE741637E6F3324FE3E96 /* Frameworks */ = {
			isa = PBXGroup;
			children = (
				F3D72BCA4385E234963C81E9 /* libPods-qfapp-demo.a */,
			);
			name = Frameworks;
			sourceTree = "<group>";
		};
/* End PBXGroup section */

/* Begin PBXNativeTarget section */
		2C9E69F31F74B39A00E2A555 /* qfapp-demo */ = {
			isa = PBXNativeTarget;
			buildConfigurationList = 2C9E6A0B1F74B39A00E2A555 /* Build configuration list for PBXNativeTarget "qfapp-demo" */;
			buildPhases = (
				DFFEFE68829C3045D16B9561 /* [CP] Check Pods Manifest.lock */,
				2C9E69F01F74B39A00E2A555 /* Sources */,
				2C9E69F11F74B39A00E2A555 /* Frameworks */,
				2C9E69F21F74B39A00E2A555 /* Resources */,
				69E831D170B0667E7C54977E /* [CP] Copy Pods Resources */,
			);
			buildRules = (
			);
			dependencies = (
			);
			name = "qfapp-demo";
			productName = "qfapp-demo";
			productReference = 2C9E69F41F74B39A00E2A555 /* qfapp-demo.app */;
			productType = "com.apple.product-type.application";
		};
/* End PBXNativeTarget section */

/* Begin PBXProject section */
		2C9E69EC1F74B39A00E2A555 /* Project object */ = {
			isa = PBXProject;
			attributes = {
				LastUpgradeCheck = 0830;
				ORGANIZATIONNAME = yellfun;
				TargetAttributes = {
					2C9E69F31F74B39A00E2A555 = {
						CreatedOnToolsVersion = 8.3.3;
						DevelopmentTeam = CENUVHQG84;
						ProvisioningStyle = Automatic;
					};
				};
			};
			buildConfigurationList = 2C9E69EF1F74B39A00E2A555 /* Build configuration list for PBXProject "qfapp-demo" */;
			compatibilityVersion = "Xcode 3.2";
			developmentRegion = English;
			hasScannedForEncodings = 0;
			knownRegions = (
				English,
				en,
				Base,
			);
			mainGroup = 2C9E69EB1F74B39A00E2A555;
			productRefGroup = 2C9E69F51F74B39A00E2A555 /* Products */;
			projectDirPath = "";
			projectRoot = "";
			targets = (
				2C9E69F31F74B39A00E2A555 /* qfapp-demo */,
			);
		};
/* End PBXProject section */

/* Begin PBXResourcesBuildPhase section */
		2C9E69F21F74B39A00E2A555 /* Resources */ = {
			isa = PBXResourcesBuildPhase;
			buildActionMask = 2147483647;
			files = (
				2C9198BE264FC6DD00311FA7 /* TestCMViewController.xib in Resources */,
				2C68227B264F68A900134E8A /* ARMapViewController.xib in Resources */,
				2C9E6A071F74B39A00E2A555 /* LaunchScreen.storyboard in Resources */,
				2C42F9712653D970008EAD61 /* OurdoorToIndoorViewController.xib in Resources */,
				2C9E6A041F74B39A00E2A555 /* Assets.xcassets in Resources */,
				2C9E6A021F74B39A00E2A555 /* Main.storyboard in Resources */,
				2C9E6A151F74B5B600E2A555 /* MapViewController.xib in Resources */,
			);
			runOnlyForDeploymentPostprocessing = 0;
		};
/* End PBXResourcesBuildPhase section */

/* Begin PBXShellScriptBuildPhase section */
		69E831D170B0667E7C54977E /* [CP] Copy Pods Resources */ = {
			isa = PBXShellScriptBuildPhase;
			buildActionMask = 2147483647;
			files = (
			);
			inputPaths = (
				"${PODS_ROOT}/Target Support Files/Pods-qfapp-demo/Pods-qfapp-demo-resources.sh",
				"${PODS_ROOT}/AMapNavi/AMapNaviKit.framework/AMapNavi.bundle",
				"${PODS_ROOT}/AMapNavi/AMapNaviKit.framework/AMap.bundle",
			);
			name = "[CP] Copy Pods Resources";
			outputPaths = (
				"${TARGET_BUILD_DIR}/${UNLOCALIZED_RESOURCES_FOLDER_PATH}/AMapNavi.bundle",
				"${TARGET_BUILD_DIR}/${UNLOCALIZED_RESOURCES_FOLDER_PATH}/AMap.bundle",
			);
			runOnlyForDeploymentPostprocessing = 0;
			shellPath = /bin/sh;
			shellScript = "\"${PODS_ROOT}/Target Support Files/Pods-qfapp-demo/Pods-qfapp-demo-resources.sh\"\n";
			showEnvVarsInLog = 0;
		};
		DFFEFE68829C3045D16B9561 /* [CP] Check Pods Manifest.lock */ = {
			isa = PBXShellScriptBuildPhase;
			buildActionMask = 2147483647;
			files = (
			);
			inputFileListPaths = (
			);
			inputPaths = (
				"${PODS_PODFILE_DIR_PATH}/Podfile.lock",
				"${PODS_ROOT}/Manifest.lock",
			);
			name = "[CP] Check Pods Manifest.lock";
			outputFileListPaths = (
			);
			outputPaths = (
				"$(DERIVED_FILE_DIR)/Pods-qfapp-demo-checkManifestLockResult.txt",
			);
			runOnlyForDeploymentPostprocessing = 0;
			shellPath = /bin/sh;
			shellScript = "diff \"${PODS_PODFILE_DIR_PATH}/Podfile.lock\" \"${PODS_ROOT}/Manifest.lock\" > /dev/null\nif [ $? != 0 ] ; then\n    # print error to STDERR\n    echo \"error: The sandbox is not in sync with the Podfile.lock. Run 'pod install' or update your CocoaPods installation.\" >&2\n    exit 1\nfi\n# This output is used by Xcode 'outputs' to avoid re-running this script phase.\necho \"SUCCESS\" > \"${SCRIPT_OUTPUT_FILE_0}\"\n";
			showEnvVarsInLog = 0;
		};
/* End PBXShellScriptBuildPhase section */

/* Begin PBXSourcesBuildPhase section */
		2C9E69F01F74B39A00E2A555 /* Sources */ = {
			isa = PBXSourcesBuildPhase;
			buildActionMask = 2147483647;
			files = (
				2CF4300E2650DB8800BB9B6F /* NSLayoutConstraint+MASDebugAdditions.m in Sources */,
				2C68227A264F68A900134E8A /* ARMapViewController.m in Sources */,
				2CF430152650DB8800BB9B6F /* MASConstraint.m in Sources */,
				2CF430162650DB8800BB9B6F /* MASViewConstraint.m in Sources */,
				2CF4300F2650DB8800BB9B6F /* ViewController+MASAdditions.m in Sources */,
				2CF430172650DB8800BB9B6F /* MASViewAttribute.m in Sources */,
				2C9E6A101F74B3AE00E2A555 /* IDRBaseLocationServer.m in Sources */,
				2CF430102650DB8800BB9B6F /* MASCompositeConstraint.m in Sources */,
				2CF4301A2650E1B300BB9B6F /* YYWeakProxy.m in Sources */,
				2CF430142650DB8800BB9B6F /* View+MASAdditions.m in Sources */,
				2C9E69FF1F74B39A00E2A555 /* ViewController.m in Sources */,
				2CAED5BE2653B13200E4C241 /* RequestSensorPermission_JS.m in Sources */,
				2CF430122650DB8800BB9B6F /* MASLayoutConstraint.m in Sources */,
				2CF430112650DB8800BB9B6F /* MASConstraintMaker.m in Sources */,
				2C9E6A141F74B5B600E2A555 /* MapViewController.m in Sources */,
				2C42F9702653D970008EAD61 /* OurdoorToIndoorViewController.m in Sources */,
				2C9E69FC1F74B39A00E2A555 /* AppDelegate.m in Sources */,
				2CF430132650DB8800BB9B6F /* NSArray+MASAdditions.m in Sources */,
				2C9198BD264FC6DD00311FA7 /* TestCMViewController.m in Sources */,
				2C9E69F91F74B39A00E2A555 /* main.m in Sources */,
			);
			runOnlyForDeploymentPostprocessing = 0;
		};
/* End PBXSourcesBuildPhase section */

/* Begin PBXVariantGroup section */
		2C9E6A001F74B39A00E2A555 /* Main.storyboard */ = {
			isa = PBXVariantGroup;
			children = (
				2C9E6A011F74B39A00E2A555 /* Base */,
			);
			name = Main.storyboard;
			sourceTree = "<group>";
		};
		2C9E6A051F74B39A00E2A555 /* LaunchScreen.storyboard */ = {
			isa = PBXVariantGroup;
			children = (
				2C9E6A061F74B39A00E2A555 /* Base */,
			);
			name = LaunchScreen.storyboard;
			sourceTree = "<group>";
		};
/* End PBXVariantGroup section */

/* Begin XCBuildConfiguration section */
		2C9E6A091F74B39A00E2A555 /* Debug */ = {
			isa = XCBuildConfiguration;
			buildSettings = {
				ALWAYS_SEARCH_USER_PATHS = NO;
				CLANG_ANALYZER_NONNULL = YES;
				CLANG_ANALYZER_NUMBER_OBJECT_CONVERSION = YES_AGGRESSIVE;
				CLANG_CXX_LANGUAGE_STANDARD = "gnu++0x";
				CLANG_CXX_LIBRARY = "libc++";
				CLANG_ENABLE_MODULES = YES;
				CLANG_ENABLE_OBJC_ARC = YES;
				CLANG_WARN_BOOL_CONVERSION = YES;
				CLANG_WARN_CONSTANT_CONVERSION = YES;
				CLANG_WARN_DIRECT_OBJC_ISA_USAGE = YES_ERROR;
				CLANG_WARN_DOCUMENTATION_COMMENTS = YES;
				CLANG_WARN_EMPTY_BODY = YES;
				CLANG_WARN_ENUM_CONVERSION = YES;
				CLANG_WARN_INFINITE_RECURSION = YES;
				CLANG_WARN_INT_CONVERSION = YES;
				CLANG_WARN_OBJC_ROOT_CLASS = YES_ERROR;
				CLANG_WARN_SUSPICIOUS_MOVE = YES;
				CLANG_WARN_UNREACHABLE_CODE = YES;
				CLANG_WARN__DUPLICATE_METHOD_MATCH = YES;
				"CODE_SIGN_IDENTITY[sdk=iphoneos*]" = "iPhone Developer";
				COPY_PHASE_STRIP = NO;
				DEBUG_INFORMATION_FORMAT = dwarf;
				ENABLE_STRICT_OBJC_MSGSEND = YES;
				ENABLE_TESTABILITY = YES;
				GCC_C_LANGUAGE_STANDARD = gnu99;
				GCC_DYNAMIC_NO_PIC = NO;
				GCC_NO_COMMON_BLOCKS = YES;
				GCC_OPTIMIZATION_LEVEL = 0;
				GCC_PREPROCESSOR_DEFINITIONS = (
					"DEBUG=1",
					"$(inherited)",
				);
				GCC_WARN_64_TO_32_BIT_CONVERSION = YES;
				GCC_WARN_ABOUT_RETURN_TYPE = YES_ERROR;
				GCC_WARN_UNDECLARED_SELECTOR = YES;
				GCC_WARN_UNINITIALIZED_AUTOS = YES_AGGRESSIVE;
				GCC_WARN_UNUSED_FUNCTION = YES;
				GCC_WARN_UNUSED_VARIABLE = YES;
				IPHONEOS_DEPLOYMENT_TARGET = 10.3;
				MTL_ENABLE_DEBUG_INFO = YES;
				ONLY_ACTIVE_ARCH = YES;
				SDKROOT = iphoneos;
			};
			name = Debug;
		};
		2C9E6A0A1F74B39A00E2A555 /* Release */ = {
			isa = XCBuildConfiguration;
			buildSettings = {
				ALWAYS_SEARCH_USER_PATHS = NO;
				CLANG_ANALYZER_NONNULL = YES;
				CLANG_ANALYZER_NUMBER_OBJECT_CONVERSION = YES_AGGRESSIVE;
				CLANG_CXX_LANGUAGE_STANDARD = "gnu++0x";
				CLANG_CXX_LIBRARY = "libc++";
				CLANG_ENABLE_MODULES = YES;
				CLANG_ENABLE_OBJC_ARC = YES;
				CLANG_WARN_BOOL_CONVERSION = YES;
				CLANG_WARN_CONSTANT_CONVERSION = YES;
				CLANG_WARN_DIRECT_OBJC_ISA_USAGE = YES_ERROR;
				CLANG_WARN_DOCUMENTATION_COMMENTS = YES;
				CLANG_WARN_EMPTY_BODY = YES;
				CLANG_WARN_ENUM_CONVERSION = YES;
				CLANG_WARN_INFINITE_RECURSION = YES;
				CLANG_WARN_INT_CONVERSION = YES;
				CLANG_WARN_OBJC_ROOT_CLASS = YES_ERROR;
				CLANG_WARN_SUSPICIOUS_MOVE = YES;
				CLANG_WARN_UNREACHABLE_CODE = YES;
				CLANG_WARN__DUPLICATE_METHOD_MATCH = YES;
				"CODE_SIGN_IDENTITY[sdk=iphoneos*]" = "iPhone Developer";
				COPY_PHASE_STRIP = NO;
				DEBUG_INFORMATION_FORMAT = "dwarf-with-dsym";
				ENABLE_NS_ASSERTIONS = NO;
				ENABLE_STRICT_OBJC_MSGSEND = YES;
				GCC_C_LANGUAGE_STANDARD = gnu99;
				GCC_NO_COMMON_BLOCKS = YES;
				GCC_WARN_64_TO_32_BIT_CONVERSION = YES;
				GCC_WARN_ABOUT_RETURN_TYPE = YES_ERROR;
				GCC_WARN_UNDECLARED_SELECTOR = YES;
				GCC_WARN_UNINITIALIZED_AUTOS = YES_AGGRESSIVE;
				GCC_WARN_UNUSED_FUNCTION = YES;
				GCC_WARN_UNUSED_VARIABLE = YES;
				IPHONEOS_DEPLOYMENT_TARGET = 10.3;
				MTL_ENABLE_DEBUG_INFO = NO;
				SDKROOT = iphoneos;
				VALIDATE_PRODUCT = YES;
			};
			name = Release;
		};
		2C9E6A0C1F74B39A00E2A555 /* Debug */ = {
			isa = XCBuildConfiguration;
			baseConfigurationReference = 905961B76267CBBB0E7E0BED /* Pods-qfapp-demo.debug.xcconfig */;
			buildSettings = {
				ASSETCATALOG_COMPILER_APPICON_NAME = AppIcon;
				DEVELOPMENT_TEAM = CENUVHQG84;
				FRAMEWORK_SEARCH_PATHS = (
					"$(inherited)",
					"$(PROJECT_DIR)/qfapp-demo",
				);
				INFOPLIST_FILE = "qfapp-demo/Info.plist";
				IPHONEOS_DEPLOYMENT_TARGET = 11.0;
				LD_RUNPATH_SEARCH_PATHS = "$(inherited) @executable_path/Frameworks";
				PRODUCT_BUNDLE_IDENTIFIER = com.we.wret;
				PRODUCT_NAME = "$(TARGET_NAME)";
			};
			name = Debug;
		};
		2C9E6A0D1F74B39A00E2A555 /* Release */ = {
			isa = XCBuildConfiguration;
			baseConfigurationReference = F7D5BCA1DA57FC8EA27D3B61 /* Pods-qfapp-demo.release.xcconfig */;
			buildSettings = {
				ASSETCATALOG_COMPILER_APPICON_NAME = AppIcon;
				DEVELOPMENT_TEAM = CENUVHQG84;
				FRAMEWORK_SEARCH_PATHS = (
					"$(inherited)",
					"$(PROJECT_DIR)/qfapp-demo",
				);
				INFOPLIST_FILE = "qfapp-demo/Info.plist";
				IPHONEOS_DEPLOYMENT_TARGET = 11.0;
				LD_RUNPATH_SEARCH_PATHS = "$(inherited) @executable_path/Frameworks";
				PRODUCT_BUNDLE_IDENTIFIER = com.we.wret;
				PRODUCT_NAME = "$(TARGET_NAME)";
			};
			name = Release;
		};
/* End XCBuildConfiguration section */

/* Begin XCConfigurationList section */
		2C9E69EF1F74B39A00E2A555 /* Build configuration list for PBXProject "qfapp-demo" */ = {
			isa = XCConfigurationList;
			buildConfigurations = (
				2C9E6A091F74B39A00E2A555 /* Debug */,
				2C9E6A0A1F74B39A00E2A555 /* Release */,
			);
			defaultConfigurationIsVisible = 0;
			defaultConfigurationName = Release;
		};
		2C9E6A0B1F74B39A00E2A555 /* Build configuration list for PBXNativeTarget "qfapp-demo" */ = {
			isa = XCConfigurationList;
			buildConfigurations = (
				2C9E6A0C1F74B39A00E2A555 /* Debug */,
				2C9E6A0D1F74B39A00E2A555 /* Release */,
			);
			defaultConfigurationIsVisible = 0;
			defaultConfigurationName = Release;
		};
/* End XCConfigurationList section */
	};
	rootObject = 2C9E69EC1F74B39A00E2A555 /* Project object */;
}
